
Microsoft Visual Studio Solution File, Format Version 12.00
# Visual Studio Version 17
VisualStudioVersion = 17.6.33801.468
MinimumVisualStudioVersion = 10.0.40219.1
Project("{F2A71F9B-5D33-465A-A702-920D77279786}") = "ASL.Core", "ASL.Core\ASL.Core.fsproj", "{2A02D16A-B071-4670-8D4B-C835C0C8CE24}"
EndProject
Project("{F2A71F9B-5D33-465A-A702-920D77279786}") = "ASL.Core.Tests", "ASL.Core.Tests\ASL.Core.Tests.fsproj", "{6A0D880C-5E91-4B32-8358-5863CB0A567F}"
EndProject
Global
	GlobalSection(SolutionConfigurationPlatforms) = preSolution
		Debug|Any CPU = Debug|Any CPU
		Release|Any CPU = Release|Any CPU
	EndGlobalSection
	GlobalSection(ProjectConfigurationPlatforms) = postSolution
		{2A02D16A-B071-4670-8D4B-C835C0C8CE24}.Debug|Any CPU.ActiveCfg = Debug|Any CPU
		{2A02D16A-B071-4670-8D4B-C835C0C8CE24}.Debug|Any CPU.Build.0 = Debug|Any CPU
		{2A02D16A-B071-4670-8D4B-C835C0C8CE24}.Release|Any CPU.ActiveCfg = Release|Any CPU
		{2A02D16A-B071-4670-8D4B-C835C0C8CE24}.Release|Any CPU.Build.0 = Release|Any CPU
		{6A0D880C-5E91-4B32-8358-5863CB0A567F}.Debug|Any CPU.ActiveCfg = Debug|Any CPU
		{6A0D880C-5E91-4B32-8358-5863CB0A567F}.Debug|Any CPU.Build.0 = Debug|Any CPU
		{6A0D880C-5E91-4B32-8358-5863CB0A567F}.Release|Any CPU.ActiveCfg = Release|Any CPU
		{6A0D880C-5E91-4B32-8358-5863CB0A567F}.Release|Any CPU.Build.0 = Release|Any CPU
	EndGlobalSection
	GlobalSection(SolutionProperties) = preSolution
		HideSolutionNode = FALSE
	EndGlobalSection
	GlobalSection(ExtensibilityGlobals) = postSolution
		SolutionGuid = {DC020653-D2F2-428F-9E19-86D708D03101}
	EndGlobalSection
EndGlobal
